{
  "name": "@zorker/skills",
  "version": "0.1.0",
  "lockfileVersion": 3,
  "requires": true,
  "packages": {
    "": {
      "name": "@zorker/skills",
      "version": "0.1.0",
      "license": "MIT",
      "bin": {
        "zorker-skills": "cli/bin/zorker-skills.mjs",
        "zskills": "cli/bin/zorker-skills.mjs"
      },
      "engines": {
        "node": ">=20"
      }
    }
  }
}
